// !$*UTF8*$!
{
	archiveVersion = 1;
	classes = {
	};
	objectVersion = 48;
	objects = {

/* Begin PBXBuildFile section */
		75D82A2E4308EA94429895ED /* Pods_Assignment2.framework in Frameworks */ = {isa = PBXBuildFile; fileRef = E2A092687FD2144BF52912CE /* Pods_Assignment2.framework */; };
		D179D063214E2767008A6D67 /* AppDelegate.swift in Sources */ = {isa = PBXBuildFile; fileRef = D179D062214E2767008A6D67 /* AppDelegate.swift */; };
		D179D065214E2767008A6D67 /* ViewController.swift in Sources */ = {isa = PBXBuildFile; fileRef = D179D064214E2767008A6D67 /* ViewController.swift */; };
		D179D068214E2767008A6D67 /* Main.storyboard in Resources */ = {isa = PBXBuildFile; fileRef = D179D066214E2767008A6D67 /* Main.storyboard */; };
		D179D06A214E2767008A6D67 /* Assets.xcassets in Resources */ = {isa = PBXBuildFile; fileRef = D179D069214E2767008A6D67 /* Assets.xcassets */; };
		D179D06D214E2767008A6D67 /* LaunchScreen.storyboard in Resources */ = {isa = PBXBuildFile; fileRef = D179D06B214E2767008A6D67 /* LaunchScreen.storyboard */; };
		D179D083214ED43C008A6D67 /* RaisePlaceholder.swift in Sources */ = {isa = PBXBuildFile; fileRef = D179D082214ED43C008A6D67 /* RaisePlaceholder.swift */; };
/* End PBXBuildFile section */

/* Begin PBXFileReference section */
		208ECF0EC65D0E32D66135E9 /* Pods-Assignment2.release.xcconfig */ = {isa = PBXFileReference; includeInIndex = 1; lastKnownFileType = text.xcconfig; name = "Pods-Assignment2.release.xcconfig"; path = "Pods/Target Support Files/Pods-Assignment2/Pods-Assignment2.release.xcconfig"; sourceTree = "<group>"; };
		90C610188AD446862003BE26 /* Pods-Assignment2.debug.xcconfig */ = {isa = PBXFileReference; includeInIndex = 1; lastKnownFileType = text.xcconfig; name = "Pods-Assignment2.debug.xcconfig"; path = "Pods/Target Support Files/Pods-Assignment2/Pods-Assignment2.debug.xcconfig"; sourceTree = "<group>"; };
		D179D05F214E2767008A6D67 /* Assignment2.app */ = {isa = PBXFileReference; explicitFileType = wrapper.application; includeInIndex = 0; path = Assignment2.app; sourceTree = BUILT_PRODUCTS_DIR; };
		D179D062214E2767008A6D67 /* AppDelegate.swift */ = {isa = PBXFileReference; lastKnownFileType = sourcecode.swift; path = AppDelegate.swift; sourceTree = "<group>"; };
		D179D064214E2767008A6D67 /* ViewController.swift */ = {isa = PBXFileReference; lastKnownFileType = sourcecode.swift; path = ViewController.swift; sourceTree = "<group>"; };
		D179D067214E2767008A6D67 /* Base */ = {isa = PBXFileReference; lastKnownFileType = file.storyboard; name = Base; path = Base.lproj/Main.storyboard; sourceTree = "<group>"; };
		D179D069214E2767008A6D67 /* Assets.xcassets */ = {isa = PBXFileReference; lastKnownFileType = folder.assetcatalog; path = Assets.xcassets; sourceTree = "<group>"; };
		D179D06C214E2767008A6D67 /* Base */ = {isa = PBXFileReference; lastKnownFileType = file.storyboard; name = Base; path = Base.lproj/LaunchScreen.storyboard; sourceTree = "<group>"; };
		D179D06E214E2767008A6D67 /* Info.plist */ = {isa = PBXFileReference; lastKnownFileType = text.plist.xml; path = Info.plist; sourceTree = "<group>"; };
		D179D082214ED43C008A6D67 /* RaisePlaceholder.swift */ = {isa = PBXFileReference; lastKnownFileType = sourcecode.swift; path = RaisePlaceholder.swift; sourceTree = "<group>"; };
		E2A092687FD2144BF52912CE /* Pods_Assignment2.framework */ = {isa = PBXFileReference; explicitFileType = wrapper.framework; includeInIndex = 0; path = Pods_Assignment2.framework; sourceTree = BUILT_PRODUCTS_DIR; };
/* End PBXFileReference section */

/* Begin PBXFrameworksBuildPhase section */
		D179D05C214E2767008A6D67 /* Frameworks */ = {
			isa = PBXFrameworksBuildPhase;
			buildActionMask = 2147483647;
			files = (
				75D82A2E4308EA94429895ED /* Pods_Assignment2.framework in Frameworks */,
			);
			runOnlyForDeploymentPostprocessing = 0;
		};
/* End PBXFrameworksBuildPhase section */

/* Begin PBXGroup section */
		3423EF0073DB8DC654D02D52 /* Pods */ = {
			isa = PBXGroup;
			children = (
				90C610188AD446862003BE26 /* Pods-Assignment2.debug.xcconfig */,
				208ECF0EC65D0E32D66135E9 /* Pods-Assignment2.release.xcconfig */,
			);
			name = Pods;
			sourceTree = "<group>";
		};
		927D64BDD0DF25D9695A9CBB /* Frameworks */ = {
			isa = PBXGroup;
			children = (
				E2A092687FD2144BF52912CE /* Pods_Assignment2.framework */,
			);
			name = Frameworks;
			sourceTree = "<group>";
		};
		D179D056214E2767008A6D67 = {
			isa = PBXGroup;
			children = (
				D179D061214E2767008A6D67 /* Assignment2 */,
				D179D060214E2767008A6D67 /* Products */,
				3423EF0073DB8DC654D02D52 /* Pods */,
				927D64BDD0DF25D9695A9CBB /* Frameworks */,
			);
			sourceTree = "<group>";
		};
		D179D060214E2767008A6D67 /* Products */ = {
			isa = PBXGroup;
			children = (
				D179D05F214E2767008A6D67 /* Assignment2.app */,
			);
			name = Products;
			sourceTree = "<group>";
		};
		D179D061214E2767008A6D67 /* Assignment2 */ = {
			isa = PBXGroup;
			children = (
				D179D062214E2767008A6D67 /* AppDelegate.swift */,
				D179D064214E2767008A6D67 /* ViewController.swift */,
				D179D066214E2767008A6D67 /* Main.storyboard */,
				D179D069214E2767008A6D67 /* Assets.xcassets */,
				D179D06B214E2767008A6D67 /* LaunchScreen.storyboard */,
				D179D082214ED43C008A6D67 /* RaisePlaceholder.swift */,
				D179D06E214E2767008A6D67 /* Info.plist */,
			);
			path = Assignment2;
			sourceTree = "<group>";
		};
/* End PBXGroup section */

/* Begin PBXNativeTarget section */
		D179D05E214E2767008A6D67 /* Assignment2 */ = {
			isa = PBXNativeTarget;
			buildConfigurationList = D179D071214E2767008A6D67 /* Build configuration list for PBXNativeTarget "Assignment2" */;
			buildPhases = (
				640EC65B92EF65799AC16E73 /* [CP] Check Pods Manifest.lock */,
				D179D05B214E2767008A6D67 /* Sources */,
				D179D05C214E2767008A6D67 /* Frameworks */,
				D179D05D214E2767008A6D67 /* Resources */,
			);
			buildRules = (
			);
			dependencies = (
			);
			name = Assignment2;
			productName = Assignment2;
			productReference = D179D05F214E2767008A6D67 /* Assignment2.app */;
			productType = "com.apple.product-type.application";
		};
/* End PBXNativeTarget section */

/* Begin PBXProject section */
		D179D057214E2767008A6D67 /* Project object */ = {
			isa = PBXProject;
			attributes = {
				LastSwiftUpdateCheck = 0920;
				LastUpgradeCheck = 0920;
				ORGANIZATIONNAME = "Rahul Gupta";
				TargetAttributes = {
					D179D05E214E2767008A6D67 = {
						CreatedOnToolsVersion = 9.2;
						ProvisioningStyle = Automatic;
					};
				};
			};
			buildConfigurationList = D179D05A214E2767008A6D67 /* Build configuration list for PBXProject "Assignment2" */;
			compatibilityVersion = "Xcode 8.0";
			developmentRegion = en;
			hasScannedForEncodings = 0;
			knownRegions = (
				en,
				Base,
			);
			mainGroup = D179D056214E2767008A6D67;
			productRefGroup = D179D060214E2767008A6D67 /* Products */;
			projectDirPath = "";
			projectRoot = "";
			targets = (
				D179D05E214E2767008A6D67 /* Assignment2 */,
			);
		};
/* End PBXProject section */

/* Begin PBXResourcesBuildPhase section */
		D179D05D214E2767008A6D67 /* Resources */ = {
			isa = PBXResourcesBuildPhase;
			buildActionMask = 2147483647;
			files = (
				D179D06D214E2767008A6D67 /* LaunchScreen.storyboard in Resources */,
				D179D06A214E2767008A6D67 /* Assets.xcassets in Resources */,
				D179D068214E2767008A6D67 /* Main.storyboard in Resources */,
			);
			runOnlyForDeploymentPostprocessing = 0;
		};
/* End PBXResourcesBuildPhase section */

/* Begin PBXShellScriptBuildPhase section */
		640EC65B92EF65799AC16E73 /* [CP] Check Pods Manifest.lock */ = {
			isa = PBXShellScriptBuildPhase;
			buildActionMask = 2147483647;
			files = (
			);
			inputPaths = (
				"${PODS_PODFILE_DIR_PATH}/Podfile.lock",
				"${PODS_ROOT}/Manifest.lock",
			);
			name = "[CP] Check Pods Manifest.lock";
			outputPaths = (
				"$(DERIVED_FILE_DIR)/Pods-Assignment2-checkManifestLockResult.txt",
			);
			runOnlyForDeploymentPostprocessing = 0;
			shellPath = /bin/sh;
			shellScript = "diff \"${PODS_PODFILE_DIR_PATH}/Podfile.lock\" \"${PODS_ROOT}/Manifest.lock\" > /dev/null\nif [ $? != 0 ] ; then\n    # print error to STDERR\n    echo \"error: The sandbox is not in sync with the Podfile.lock. Run 'pod install' or update your CocoaPods installation.\" >&2\n    exit 1\nfi\n# This output is used by Xcode 'outputs' to avoid re-running this script phase.\necho \"SUCCESS\" > \"${SCRIPT_OUTPUT_FILE_0}\"\n";
			showEnvVarsInLog = 0;
		};
/* End PBXShellScriptBuildPhase section */

/* Begin PBXSourcesBuildPhase section */
		D179D05B214E2767008A6D67 /* Sources */ = {
			isa = PBXSourcesBuildPhase;
			buildActionMask = 2147483647;
			files = (
				D179D065214E2767008A6D67 /* ViewController.swift in Sources */,
				D179D083214ED43C008A6D67 /* RaisePlaceholder.swift in Sources */,
				D179D063214E2767008A6D67 /* AppDelegate.swift in Sources */,
			);
			runOnlyForDeploymentPostprocessing = 0;
		};
/* End PBXSourcesBuildPhase section */

/* Begin PBXVariantGroup section */
		D179D066214E2767008A6D67 /* Main.storyboard */ = {
			isa = PBXVariantGroup;
			children = (
				D179D067214E2767008A6D67 /* Base */,
			);
			name = Main.storyboard;
			sourceTree = "<group>";
		};
		D179D06B214E2767008A6D67 /* LaunchScreen.storyboard */ = {
			isa = PBXVariantGroup;
			children = (
				D179D06C214E2767008A6D67 /* Base */,
			);
			name = LaunchScreen.storyboard;
			sourceTree = "<group>";
		};
/* End PBXVariantGroup section */

/* Begin XCBuildConfiguration section */
		D179D06F214E2767008A6D67 /* Debug */ = {
			isa = XCBuildConfiguration;
			buildSettings = {
				ALWAYS_SEARCH_USER_PATHS = NO;
				CLANG_ANALYZER_NONNULL = YES;
				CLANG_ANALYZER_NUMBER_OBJECT_CONVERSION = YES_AGGRESSIVE;
				CLANG_CXX_LANGUAGE_STANDARD = "gnu++14";
				CLANG_CXX_LIBRARY = "libc++";
				CLANG_ENABLE_MODULES = YES;
				CLANG_ENABLE_OBJC_ARC = YES;
				CLANG_WARN_BLOCK_CAPTURE_AUTORELEASING = YES;
				CLANG_WARN_BOOL_CONVERSION = YES;
				CLANG_WARN_COMMA = YES;
				CLANG_WARN_CONSTANT_CONVERSION = YES;
				CLANG_WARN_DIRECT_OBJC_ISA_USAGE = YES_ERROR;
				CLANG_WARN_DOCUMENTATION_COMMENTS = YES;
				CLANG_WARN_EMPTY_BODY = YES;
				CLANG_WARN_ENUM_CONVERSION = YES;
				CLANG_WARN_INFINITE_RECURSION = YES;
				CLANG_WARN_INT_CONVERSION = YES;
				CLANG_WARN_NON_LITERAL_NULL_CONVERSION = YES;
				CLANG_WARN_OBJC_LITERAL_CONVERSION = YES;
				CLANG_WARN_OBJC_ROOT_CLASS = YES_ERROR;
				CLANG_WARN_RANGE_LOOP_ANALYSIS = YES;
				CLANG_WARN_STRICT_PROTOTYPES = YES;
				CLANG_WARN_SUSPICIOUS_MOVE = YES;
				CLANG_WARN_UNGUARDED_AVAILABILITY = YES_AGGRESSIVE;
				CLANG_WARN_UNREACHABLE_CODE = YES;
				CLANG_WARN__DUPLICATE_METHOD_MATCH = YES;
				CODE_SIGN_IDENTITY = "iPhone Developer";
				COPY_PHASE_STRIP = NO;
				DEBUG_INFORMATION_FORMAT = dwarf;
				ENABLE_STRICT_OBJC_MSGSEND = YES;
				ENABLE_TESTABILITY = YES;
				GCC_C_LANGUAGE_STANDARD = gnu11;
				GCC_DYNAMIC_NO_PIC = NO;
				GCC_NO_COMMON_BLOCKS = YES;
				GCC_OPTIMIZATION_LEVEL = 0;
				GCC_PREPROCESSOR_DEFINITIONS = (
					"DEBUG=1",
					"$(inherited)",
				);
				GCC_WARN_64_TO_32_BIT_CONVERSION = YES;
				GCC_WARN_ABOUT_RETURN_TYPE = YES_ERROR;
				GCC_WARN_UNDECLARED_SELECTOR = YES;
				GCC_WARN_UNINITIALIZED_AUTOS = YES_AGGRESSIVE;
				GCC_WARN_UNUSED_FUNCTION = YES;
				GCC_WARN_UNUSED_VARIABLE = YES;
				IPHONEOS_DEPLOYMENT_TARGET = 11.2;
				MTL_ENABLE_DEBUG_INFO = YES;
				ONLY_ACTIVE_ARCH = YES;
				SDKROOT = iphoneos;
				SWIFT_ACTIVE_COMPILATION_CONDITIONS = DEBUG;
				SWIFT_OPTIMIZATION_LEVEL = "-Onone";
			};
			name = Debug;
		};
		D179D070214E2767008A6D67 /* Release */ = {
			isa = XCBuildConfiguration;
			buildSettings = {
				ALWAYS_SEARCH_USER_PATHS = NO;
				CLANG_ANALYZER_NONNULL = YES;
				CLANG_ANALYZER_NUMBER_OBJECT_CONVERSION = YES_AGGRESSIVE;
				CLANG_CXX_LANGUAGE_STANDARD = "gnu++14";
				CLANG_CXX_LIBRARY = "libc++";
				CLANG_ENABLE_MODULES = YES;
				CLANG_ENABLE_OBJC_ARC = YES;
				CLANG_WARN_BLOCK_CAPTURE_AUTORELEASING = YES;
				CLANG_WARN_BOOL_CONVERSION = YES;
				CLANG_WARN_COMMA = YES;
				CLANG_WARN_CONSTANT_CONVERSION = YES;
				CLANG_WARN_DIRECT_OBJC_ISA_USAGE = YES_ERROR;
				CLANG_WARN_DOCUMENTATION_COMMENTS = YES;
				CLANG_WARN_EMPTY_BODY = YES;
				CLANG_WARN_ENUM_CONVERSION = YES;
				CLANG_WARN_INFINITE_RECURSION = YES;
				CLANG_WARN_INT_CONVERSION = YES;
				CLANG_WARN_NON_LITERAL_NULL_CONVERSION = YES;
				CLANG_WARN_OBJC_LITERAL_CONVERSION = YES;
				CLANG_WARN_OBJC_ROOT_CLASS = YES_ERROR;
				CLANG_WARN_RANGE_LOOP_ANALYSIS = YES;
				CLANG_WARN_STRICT_PROTOTYPES = YES;
				CLANG_WARN_SUSPICIOUS_MOVE = YES;
				CLANG_WARN_UNGUARDED_AVAILABILITY = YES_AGGRESSIVE;
				CLANG_WARN_UNREACHABLE_CODE = YES;
				CLANG_WARN__DUPLICATE_METHOD_MATCH = YES;
				CODE_SIGN_IDENTITY = "iPhone Developer";
				COPY_PHASE_STRIP = NO;
				DEBUG_INFORMATION_FORMAT = "dwarf-with-dsym";
				ENABLE_NS_ASSERTIONS = NO;
				ENABLE_STRICT_OBJC_MSGSEND = YES;
				GCC_C_LANGUAGE_STANDARD = gnu11;
				GCC_NO_COMMON_BLOCKS = YES;
				GCC_WARN_64_TO_32_BIT_CONVERSION = YES;
				GCC_WARN_ABOUT_RETURN_TYPE = YES_ERROR;
				GCC_WARN_UNDECLARED_SELECTOR = YES;
				GCC_WARN_UNINITIALIZED_AUTOS = YES_AGGRESSIVE;
				GCC_WARN_UNUSED_FUNCTION = YES;
				GCC_WARN_UNUSED_VARIABLE = YES;
				IPHONEOS_DEPLOYMENT_TARGET = 11.2;
				MTL_ENABLE_DEBUG_INFO = NO;
				SDKROOT = iphoneos;
				SWIFT_OPTIMIZATION_LEVEL = "-Owholemodule";
				VALIDATE_PRODUCT = YES;
			};
			name = Release;
		};
		D179D072214E2767008A6D67 /* Debug */ = {
			isa = XCBuildConfiguration;
			baseConfigurationReference = 90C610188AD446862003BE26 /* Pods-Assignment2.debug.xcconfig */;
			buildSettings = {
				ASSETCATALOG_COMPILER_APPICON_NAME = AppIcon;
				CODE_SIGN_STYLE = Automatic;
				INFOPLIST_FILE = Assignment2/Info.plist;
				LD_RUNPATH_SEARCH_PATHS = "$(inherited) @executable_path/Frameworks";
				PRODUCT_BUNDLE_IDENTIFIER = com.Test.Assignment2;
				PRODUCT_NAME = "$(TARGET_NAME)";
				SWIFT_VERSION = 4.0;
				TARGETED_DEVICE_FAMILY = "1,2";
			};
			name = Debug;
		};
		D179D073214E2767008A6D67 /* Release */ = {
			isa = XCBuildConfiguration;
			baseConfigurationReference = 208ECF0EC65D0E32D66135E9 /* Pods-Assignment2.release.xcconfig */;
			buildSettings = {
				ASSETCATALOG_COMPILER_APPICON_NAME = AppIcon;
				CODE_SIGN_STYLE = Automatic;
				INFOPLIST_FILE = Assignment2/Info.plist;
				LD_RUNPATH_SEARCH_PATHS = "$(inherited) @executable_path/Frameworks";
				PRODUCT_BUNDLE_IDENTIFIER = com.Test.Assignment2;
				PRODUCT_NAME = "$(TARGET_NAME)";
				SWIFT_VERSION = 4.0;
				TARGETED_DEVICE_FAMILY = "1,2";
			};
			name = Release;
		};
/* End XCBuildConfiguration section */

/* Begin XCConfigurationList section */
		D179D05A214E2767008A6D67 /* Build configuration list for PBXProject "Assignment2" */ = {
			isa = XCConfigurationList;
			buildConfigurations = (
				D179D06F214E2767008A6D67 /* Debug */,
				D179D070214E2767008A6D67 /* Release */,
			);
			defaultConfigurationIsVisible = 0;
			defaultConfigurationName = Release;
		};
		D179D071214E2767008A6D67 /* Build configuration list for PBXNativeTarget "Assignment2" */ = {
			isa = XCConfigurationList;
			buildConfigurations = (
				D179D072214E2767008A6D67 /* Debug */,
				D179D073214E2767008A6D67 /* Release */,
			);
			defaultConfigurationIsVisible = 0;
			defaultConfigurationName = Release;
		};
/* End XCConfigurationList section */
	};
	rootObject = D179D057214E2767008A6D67 /* Project object */;
}
